
Microsoft Visual Studio Solution File, Format Version 12.00
# Visual Studio Version 17
VisualStudioVersion = 17.3.32804.467
MinimumVisualStudioVersion = 10.0.40219.1
Project("{FAE04EC0-301F-11D3-BF4B-00C04F79EFBC}") = "WebApiCustomers", "WebApiCustomers\WebApiCustomers.csproj", "{F2D14C8E-6B61-4FCD-B0AF-B64E3E86F22C}"
EndProject
Global
	GlobalSection(SolutionConfigurationPlatforms) = preSolution
		Debug|Any CPU = Debug|Any CPU
		Release|Any CPU = Release|Any CPU
	EndGlobalSection
	GlobalSection(ProjectConfigurationPlatforms) = postSolution
		{F2D14C8E-6B61-4FCD-B0AF-B64E3E86F22C}.Debug|Any CPU.ActiveCfg = Debug|Any CPU
		{F2D14C8E-6B61-4FCD-B0AF-B64E3E86F22C}.Debug|Any CPU.Build.0 = Debug|Any CPU
		{F2D14C8E-6B61-4FCD-B0AF-B64E3E86F22C}.Release|Any CPU.ActiveCfg = Release|Any CPU
		{F2D14C8E-6B61-4FCD-B0AF-B64E3E86F22C}.Release|Any CPU.Build.0 = Release|Any CPU
	EndGlobalSection
	GlobalSection(SolutionProperties) = preSolution
		HideSolutionNode = FALSE
	EndGlobalSection
	GlobalSection(ExtensibilityGlobals) = postSolution
		SolutionGuid = {63D698EE-326B-40A9-8573-99ABD0E4690D}
	EndGlobalSection
EndGlobal
